// !$*UTF8*$!
{
	archiveVersion = 1;
	classes = {
	};
	objectVersion = 50;
	objects = {

/* Begin PBXBuildFile section */
		6ACC8F3C216455C400156D98 /* AppDelegate.swift in Sources */ = {isa = PBXBuildFile; fileRef = 6ACC8F3B216455C400156D98 /* AppDelegate.swift */; };
		6ACC8F3E216455C400156D98 /* ViewController.swift in Sources */ = {isa = PBXBuildFile; fileRef = 6ACC8F3D216455C400156D98 /* ViewController.swift */; };
		6ACC8F41216455C400156D98 /* Main.storyboard in Resources */ = {isa = PBXBuildFile; fileRef = 6ACC8F3F216455C400156D98 /* Main.storyboard */; };
		6ACC8F43216455C600156D98 /* Assets.xcassets in Resources */ = {isa = PBXBuildFile; fileRef = 6ACC8F42216455C600156D98 /* Assets.xcassets */; };
		6ACC8F46216455C600156D98 /* LaunchScreen.storyboard in Resources */ = {isa = PBXBuildFile; fileRef = 6ACC8F44216455C600156D98 /* LaunchScreen.storyboard */; };
		6ACC8F51216455C600156D98 /* InstagramAppTests.swift in Sources */ = {isa = PBXBuildFile; fileRef = 6ACC8F50216455C600156D98 /* InstagramAppTests.swift */; };
		6ACC8F5C216455C600156D98 /* InstagramAppUITests.swift in Sources */ = {isa = PBXBuildFile; fileRef = 6ACC8F5B216455C600156D98 /* InstagramAppUITests.swift */; };
/* End PBXBuildFile section */

/* Begin PBXContainerItemProxy section */
		6ACC8F4D216455C600156D98 /* PBXContainerItemProxy */ = {
			isa = PBXContainerItemProxy;
			containerPortal = 6ACC8F30216455C400156D98 /* Project object */;
			proxyType = 1;
			remoteGlobalIDString = 6ACC8F37216455C400156D98;
			remoteInfo = InstagramApp;
		};
		6ACC8F58216455C600156D98 /* PBXContainerItemProxy */ = {
			isa = PBXContainerItemProxy;
			containerPortal = 6ACC8F30216455C400156D98 /* Project object */;
			proxyType = 1;
			remoteGlobalIDString = 6ACC8F37216455C400156D98;
			remoteInfo = InstagramApp;
		};
/* End PBXContainerItemProxy section */

/* Begin PBXFileReference section */
		6ACC8F38216455C400156D98 /* InstagramApp.app */ = {isa = PBXFileReference; explicitFileType = wrapper.application; includeInIndex = 0; path = InstagramApp.app; sourceTree = BUILT_PRODUCTS_DIR; };
		6ACC8F3B216455C400156D98 /* AppDelegate.swift */ = {isa = PBXFileReference; lastKnownFileType = sourcecode.swift; path = AppDelegate.swift; sourceTree = "<group>"; };
		6ACC8F3D216455C400156D98 /* ViewController.swift */ = {isa = PBXFileReference; lastKnownFileType = sourcecode.swift; path = ViewController.swift; sourceTree = "<group>"; };
		6ACC8F40216455C400156D98 /* Base */ = {isa = PBXFileReference; lastKnownFileType = file.storyboard; name = Base; path = Base.lproj/Main.storyboard; sourceTree = "<group>"; };
		6ACC8F42216455C600156D98 /* Assets.xcassets */ = {isa = PBXFileReference; lastKnownFileType = folder.assetcatalog; path = Assets.xcassets; sourceTree = "<group>"; };
		6ACC8F45216455C600156D98 /* Base */ = {isa = PBXFileReference; lastKnownFileType = file.storyboard; name = Base; path = Base.lproj/LaunchScreen.storyboard; sourceTree = "<group>"; };
		6ACC8F47216455C600156D98 /* Info.plist */ = {isa = PBXFileReference; lastKnownFileType = text.plist.xml; path = Info.plist; sourceTree = "<group>"; };
		6ACC8F4C216455C600156D98 /* InstagramAppTests.xctest */ = {isa = PBXFileReference; explicitFileType = wrapper.cfbundle; includeInIndex = 0; path = InstagramAppTests.xctest; sourceTree = BUILT_PRODUCTS_DIR; };
		6ACC8F50216455C600156D98 /* InstagramAppTests.swift */ = {isa = PBXFileReference; lastKnownFileType = sourcecode.swift; path = InstagramAppTests.swift; sourceTree = "<group>"; };
		6ACC8F52216455C600156D98 /* Info.plist */ = {isa = PBXFileReference; lastKnownFileType = text.plist.xml; path = Info.plist; sourceTree = "<group>"; };
		6ACC8F57216455C600156D98 /* InstagramAppUITests.xctest */ = {isa = PBXFileReference; explicitFileType = wrapper.cfbundle; includeInIndex = 0; path = InstagramAppUITests.xctest; sourceTree = BUILT_PRODUCTS_DIR; };
		6ACC8F5B216455C600156D98 /* InstagramAppUITests.swift */ = {isa = PBXFileReference; lastKnownFileType = sourcecode.swift; path = InstagramAppUITests.swift; sourceTree = "<group>"; };
		6ACC8F5D216455C600156D98 /* Info.plist */ = {isa = PBXFileReference; lastKnownFileType = text.plist.xml; path = Info.plist; sourceTree = "<group>"; };
/* End PBXFileReference section */

/* Begin PBXFrameworksBuildPhase section */
		6ACC8F35216455C400156D98 /* Frameworks */ = {
			isa = PBXFrameworksBuildPhase;
			buildActionMask = 2147483647;
			files = (
			);
			runOnlyForDeploymentPostprocessing = 0;
		};
		6ACC8F49216455C600156D98 /* Frameworks */ = {
			isa = PBXFrameworksBuildPhase;
			buildActionMask = 2147483647;
			files = (
			);
			runOnlyForDeploymentPostprocessing = 0;
		};
		6ACC8F54216455C600156D98 /* Frameworks */ = {
			isa = PBXFrameworksBuildPhase;
			buildActionMask = 2147483647;
			files = (
			);
			runOnlyForDeploymentPostprocessing = 0;
		};
/* End PBXFrameworksBuildPhase section */

/* Begin PBXGroup section */
		6ACC8F2F216455C400156D98 = {
			isa = PBXGroup;
			children = (
				6ACC8F3A216455C400156D98 /* InstagramApp */,
				6ACC8F4F216455C600156D98 /* InstagramAppTests */,
				6ACC8F5A216455C600156D98 /* InstagramAppUITests */,
				6ACC8F39216455C400156D98 /* Products */,
			);
			sourceTree = "<group>";
		};
		6ACC8F39216455C400156D98 /* Products */ = {
			isa = PBXGroup;
			children = (
				6ACC8F38216455C400156D98 /* InstagramApp.app */,
				6ACC8F4C216455C600156D98 /* InstagramAppTests.xctest */,
				6ACC8F57216455C600156D98 /* InstagramAppUITests.xctest */,
			);
			name = Products;
			sourceTree = "<group>";
		};
		6ACC8F3A216455C400156D98 /* InstagramApp */ = {
			isa = PBXGroup;
			children = (
				6ACC8F3B216455C400156D98 /* AppDelegate.swift */,
				6ACC8F3D216455C400156D98 /* ViewController.swift */,
				6ACC8F3F216455C400156D98 /* Main.storyboard */,
				6ACC8F42216455C600156D98 /* Assets.xcassets */,
				6ACC8F44216455C600156D98 /* LaunchScreen.storyboard */,
				6ACC8F47216455C600156D98 /* Info.plist */,
			);
			path = InstagramApp;
			sourceTree = "<group>";
		};
		6ACC8F4F216455C600156D98 /* InstagramAppTests */ = {
			isa = PBXGroup;
			children = (
				6ACC8F50216455C600156D98 /* InstagramAppTests.swift */,
				6ACC8F52216455C600156D98 /* Info.plist */,
			);
			path = InstagramAppTests;
			sourceTree = "<group>";
		};
		6ACC8F5A216455C600156D98 /* InstagramAppUITests */ = {
			isa = PBXGroup;
			children = (
				6ACC8F5B216455C600156D98 /* InstagramAppUITests.swift */,
				6ACC8F5D216455C600156D98 /* Info.plist */,
			);
			path = InstagramAppUITests;
			sourceTree = "<group>";
		};
/* End PBXGroup section */

/* Begin PBXNativeTarget section */
		6ACC8F37216455C400156D98 /* InstagramApp */ = {
			isa = PBXNativeTarget;
			buildConfigurationList = 6ACC8F60216455C600156D98 /* Build configuration list for PBXNativeTarget "InstagramApp" */;
			buildPhases = (
				6ACC8F34216455C400156D98 /* Sources */,
				6ACC8F35216455C400156D98 /* Frameworks */,
				6ACC8F36216455C400156D98 /* Resources */,
			);
			buildRules = (
			);
			dependencies = (
			);
			name = InstagramApp;
			productName = InstagramApp;
			productReference = 6ACC8F38216455C400156D98 /* InstagramApp.app */;
			productType = "com.apple.product-type.application";
		};
		6ACC8F4B216455C600156D98 /* InstagramAppTests */ = {
			isa = PBXNativeTarget;
			buildConfigurationList = 6ACC8F63216455C600156D98 /* Build configuration list for PBXNativeTarget "InstagramAppTests" */;
			buildPhases = (
				6ACC8F48216455C600156D98 /* Sources */,
				6ACC8F49216455C600156D98 /* Frameworks */,
				6ACC8F4A216455C600156D98 /* Resources */,
			);
			buildRules = (
			);
			dependencies = (
				6ACC8F4E216455C600156D98 /* PBXTargetDependency */,
			);
			name = InstagramAppTests;
			productName = InstagramAppTests;
			productReference = 6ACC8F4C216455C600156D98 /* InstagramAppTests.xctest */;
			productType = "com.apple.product-type.bundle.unit-test";
		};
		6ACC8F56216455C600156D98 /* InstagramAppUITests */ = {
			isa = PBXNativeTarget;
			buildConfigurationList = 6ACC8F66216455C600156D98 /* Build configuration list for PBXNativeTarget "InstagramAppUITests" */;
			buildPhases = (
				6ACC8F53216455C600156D98 /* Sources */,
				6ACC8F54216455C600156D98 /* Frameworks */,
				6ACC8F55216455C600156D98 /* Resources */,
			);
			buildRules = (
			);
			dependencies = (
				6ACC8F59216455C600156D98 /* PBXTargetDependency */,
			);
			name = InstagramAppUITests;
			productName = InstagramAppUITests;
			productReference = 6ACC8F57216455C600156D98 /* InstagramAppUITests.xctest */;
			productType = "com.apple.product-type.bundle.ui-testing";
		};
/* End PBXNativeTarget section */

/* Begin PBXProject section */
		6ACC8F30216455C400156D98 /* Project object */ = {
			isa = PBXProject;
			attributes = {
				LastSwiftUpdateCheck = 0940;
				LastUpgradeCheck = 0940;
				ORGANIZATIONNAME = Isaac;
				TargetAttributes = {
					6ACC8F37216455C400156D98 = {
						CreatedOnToolsVersion = 9.4.1;
					};
					6ACC8F4B216455C600156D98 = {
						CreatedOnToolsVersion = 9.4.1;
						TestTargetID = 6ACC8F37216455C400156D98;
					};
					6ACC8F56216455C600156D98 = {
						CreatedOnToolsVersion = 9.4.1;
						TestTargetID = 6ACC8F37216455C400156D98;
					};
				};
			};
			buildConfigurationList = 6ACC8F33216455C400156D98 /* Build configuration list for PBXProject "InstagramApp" */;
			compatibilityVersion = "Xcode 9.3";
			developmentRegion = en;
			hasScannedForEncodings = 0;
			knownRegions = (
				en,
				Base,
			);
			mainGroup = 6ACC8F2F216455C400156D98;
			productRefGroup = 6ACC8F39216455C400156D98 /* Products */;
			projectDirPath = "";
			projectRoot = "";
			targets = (
				6ACC8F37216455C400156D98 /* InstagramApp */,
				6ACC8F4B216455C600156D98 /* InstagramAppTests */,
				6ACC8F56216455C600156D98 /* InstagramAppUITests */,
			);
		};
/* End PBXProject section */

/* Begin PBXResourcesBuildPhase section */
		6ACC8F36216455C400156D98 /* Resources */ = {
			isa = PBXResourcesBuildPhase;
			buildActionMask = 2147483647;
			files = (
				6ACC8F46216455C600156D98 /* LaunchScreen.storyboard in Resources */,
				6ACC8F43216455C600156D98 /* Assets.xcassets in Resources */,
				6ACC8F41216455C400156D98 /* Main.storyboard in Resources */,
			);
			runOnlyForDeploymentPostprocessing = 0;
		};
		6ACC8F4A216455C600156D98 /* Resources */ = {
			isa = PBXResourcesBuildPhase;
			buildActionMask = 2147483647;
			files = (
			);
			runOnlyForDeploymentPostprocessing = 0;
		};
		6ACC8F55216455C600156D98 /* Resources */ = {
			isa = PBXResourcesBuildPhase;
			buildActionMask = 2147483647;
			files = (
			);
			runOnlyForDeploymentPostprocessing = 0;
		};
/* End PBXResourcesBuildPhase section */

/* Begin PBXSourcesBuildPhase section */
		6ACC8F34216455C400156D98 /* Sources */ = {
			isa = PBXSourcesBuildPhase;
			buildActionMask = 2147483647;
			files = (
				6ACC8F3E216455C400156D98 /* ViewController.swift in Sources */,
				6ACC8F3C216455C400156D98 /* AppDelegate.swift in Sources */,
			);
			runOnlyForDeploymentPostprocessing = 0;
		};
		6ACC8F48216455C600156D98 /* Sources */ = {
			isa = PBXSourcesBuildPhase;
			buildActionMask = 2147483647;
			files = (
				6ACC8F51216455C600156D98 /* InstagramAppTests.swift in Sources */,
			);
			runOnlyForDeploymentPostprocessing = 0;
		};
		6ACC8F53216455C600156D98 /* Sources */ = {
			isa = PBXSourcesBuildPhase;
			buildActionMask = 2147483647;
			files = (
				6ACC8F5C216455C600156D98 /* InstagramAppUITests.swift in Sources */,
			);
			runOnlyForDeploymentPostprocessing = 0;
		};
/* End PBXSourcesBuildPhase section */

/* Begin PBXTargetDependency section */
		6ACC8F4E216455C600156D98 /* PBXTargetDependency */ = {
			isa = PBXTargetDependency;
			target = 6ACC8F37216455C400156D98 /* InstagramApp */;
			targetProxy = 6ACC8F4D216455C600156D98 /* PBXContainerItemProxy */;
		};
		6ACC8F59216455C600156D98 /* PBXTargetDependency */ = {
			isa = PBXTargetDependency;
			target = 6ACC8F37216455C400156D98 /* InstagramApp */;
			targetProxy = 6ACC8F58216455C600156D98 /* PBXContainerItemProxy */;
		};
/* End PBXTargetDependency section */

/* Begin PBXVariantGroup section */
		6ACC8F3F216455C400156D98 /* Main.storyboard */ = {
			isa = PBXVariantGroup;
			children = (
				6ACC8F40216455C400156D98 /* Base */,
			);
			name = Main.storyboard;
			sourceTree = "<group>";
		};
		6ACC8F44216455C600156D98 /* LaunchScreen.storyboard */ = {
			isa = PBXVariantGroup;
			children = (
				6ACC8F45216455C600156D98 /* Base */,
			);
			name = LaunchScreen.storyboard;
			sourceTree = "<group>";
		};
/* End PBXVariantGroup section */

/* Begin XCBuildConfiguration section */
		6ACC8F5E216455C600156D98 /* Debug */ = {
			isa = XCBuildConfiguration;
			buildSettings = {
				ALWAYS_SEARCH_USER_PATHS = NO;
				CLANG_ANALYZER_NONNULL = YES;
				CLANG_ANALYZER_NUMBER_OBJECT_CONVERSION = YES_AGGRESSIVE;
				CLANG_CXX_LANGUAGE_STANDARD = "gnu++14";
				CLANG_CXX_LIBRARY = "libc++";
				CLANG_ENABLE_MODULES = YES;
				CLANG_ENABLE_OBJC_ARC = YES;
				CLANG_ENABLE_OBJC_WEAK = YES;
				CLANG_WARN_BLOCK_CAPTURE_AUTORELEASING = YES;
				CLANG_WARN_BOOL_CONVERSION = YES;
				CLANG_WARN_COMMA = YES;
				CLANG_WARN_CONSTANT_CONVERSION = YES;
				CLANG_WARN_DEPRECATED_OBJC_IMPLEMENTATIONS = YES;
				CLANG_WARN_DIRECT_OBJC_ISA_USAGE = YES_ERROR;
				CLANG_WARN_DOCUMENTATION_COMMENTS = YES;
				CLANG_WARN_EMPTY_BODY = YES;
				CLANG_WARN_ENUM_CONVERSION = YES;
				CLANG_WARN_INFINITE_RECURSION = YES;
				CLANG_WARN_INT_CONVERSION = YES;
				CLANG_WARN_NON_LITERAL_NULL_CONVERSION = YES;
				CLANG_WARN_OBJC_IMPLICIT_RETAIN_SELF = YES;
				CLANG_WARN_OBJC_LITERAL_CONVERSION = YES;
				CLANG_WARN_OBJC_ROOT_CLASS = YES_ERROR;
				CLANG_WARN_RANGE_LOOP_ANALYSIS = YES;
				CLANG_WARN_STRICT_PROTOTYPES = YES;
				CLANG_WARN_SUSPICIOUS_MOVE = YES;
				CLANG_WARN_UNGUARDED_AVAILABILITY = YES_AGGRESSIVE;
				CLANG_WARN_UNREACHABLE_CODE = YES;
				CLANG_WARN__DUPLICATE_METHOD_MATCH = YES;
				CODE_SIGN_IDENTITY = "iPhone Developer";
				COPY_PHASE_STRIP = NO;
				DEBUG_INFORMATION_FORMAT = dwarf;
				ENABLE_STRICT_OBJC_MSGSEND = YES;
				ENABLE_TESTABILITY = YES;
				GCC_C_LANGUAGE_STANDARD = gnu11;
				GCC_DYNAMIC_NO_PIC = NO;
				GCC_NO_COMMON_BLOCKS = YES;
				GCC_OPTIMIZATION_LEVEL = 0;
				GCC_PREPROCESSOR_DEFINITIONS = (
					"DEBUG=1",
					"$(inherited)",
				);
				GCC_WARN_64_TO_32_BIT_CONVERSION = YES;
				GCC_WARN_ABOUT_RETURN_TYPE = YES_ERROR;
				GCC_WARN_UNDECLARED_SELECTOR = YES;
				GCC_WARN_UNINITIALIZED_AUTOS = YES_AGGRESSIVE;
				GCC_WARN_UNUSED_FUNCTION = YES;
				GCC_WARN_UNUSED_VARIABLE = YES;
				IPHONEOS_DEPLOYMENT_TARGET = 11.4;
				MTL_ENABLE_DEBUG_INFO = YES;
				ONLY_ACTIVE_ARCH = YES;
				SDKROOT = iphoneos;
				SWIFT_ACTIVE_COMPILATION_CONDITIONS = DEBUG;
				SWIFT_OPTIMIZATION_LEVEL = "-Onone";
			};
			name = Debug;
		};
		6ACC8F5F216455C600156D98 /* Release */ = {
			isa = XCBuildConfiguration;
			buildSettings = {
				ALWAYS_SEARCH_USER_PATHS = NO;
				CLANG_ANALYZER_NONNULL = YES;
				CLANG_ANALYZER_NUMBER_OBJECT_CONVERSION = YES_AGGRESSIVE;
				CLANG_CXX_LANGUAGE_STANDARD = "gnu++14";
				CLANG_CXX_LIBRARY = "libc++";
				CLANG_ENABLE_MODULES = YES;
				CLANG_ENABLE_OBJC_ARC = YES;
				CLANG_ENABLE_OBJC_WEAK = YES;
				CLANG_WARN_BLOCK_CAPTURE_AUTORELEASING = YES;
				CLANG_WARN_BOOL_CONVERSION = YES;
				CLANG_WARN_COMMA = YES;
				CLANG_WARN_CONSTANT_CONVERSION = YES;
				CLANG_WARN_DEPRECATED_OBJC_IMPLEMENTATIONS = YES;
				CLANG_WARN_DIRECT_OBJC_ISA_USAGE = YES_ERROR;
				CLANG_WARN_DOCUMENTATION_COMMENTS = YES;
				CLANG_WARN_EMPTY_BODY = YES;
				CLANG_WARN_ENUM_CONVERSION = YES;
				CLANG_WARN_INFINITE_RECURSION = YES;
				CLANG_WARN_INT_CONVERSION = YES;
				CLANG_WARN_NON_LITERAL_NULL_CONVERSION = YES;
				CLANG_WARN_OBJC_IMPLICIT_RETAIN_SELF = YES;
				CLANG_WARN_OBJC_LITERAL_CONVERSION = YES;
				CLANG_WARN_OBJC_ROOT_CLASS = YES_ERROR;
				CLANG_WARN_RANGE_LOOP_ANALYSIS = YES;
				CLANG_WARN_STRICT_PROTOTYPES = YES;
				CLANG_WARN_SUSPICIOUS_MOVE = YES;
				CLANG_WARN_UNGUARDED_AVAILABILITY = YES_AGGRESSIVE;
				CLANG_WARN_UNREACHABLE_CODE = YES;
				CLANG_WARN__DUPLICATE_METHOD_MATCH = YES;
				CODE_SIGN_IDENTITY = "iPhone Developer";
				COPY_PHASE_STRIP = NO;
				DEBUG_INFORMATION_FORMAT = "dwarf-with-dsym";
				ENABLE_NS_ASSERTIONS = NO;
				ENABLE_STRICT_OBJC_MSGSEND = YES;
				GCC_C_LANGUAGE_STANDARD = gnu11;
				GCC_NO_COMMON_BLOCKS = YES;
				GCC_WARN_64_TO_32_BIT_CONVERSION = YES;
				GCC_WARN_ABOUT_RETURN_TYPE = YES_ERROR;
				GCC_WARN_UNDECLARED_SELECTOR = YES;
				GCC_WARN_UNINITIALIZED_AUTOS = YES_AGGRESSIVE;
				GCC_WARN_UNUSED_FUNCTION = YES;
				GCC_WARN_UNUSED_VARIABLE = YES;
				IPHONEOS_DEPLOYMENT_TARGET = 11.4;
				MTL_ENABLE_DEBUG_INFO = NO;
				SDKROOT = iphoneos;
				SWIFT_COMPILATION_MODE = wholemodule;
				SWIFT_OPTIMIZATION_LEVEL = "-O";
				VALIDATE_PRODUCT = YES;
			};
			name = Release;
		};
		6ACC8F61216455C600156D98 /* Debug */ = {
			isa = XCBuildConfiguration;
			buildSettings = {
				ASSETCATALOG_COMPILER_APPICON_NAME = AppIcon;
				CODE_SIGN_STYLE = Automatic;
				INFOPLIST_FILE = InstagramApp/Info.plist;
				LD_RUNPATH_SEARCH_PATHS = (
					"$(inherited)",
					"@executable_path/Frameworks",
				);
				PRODUCT_BUNDLE_IDENTIFIER = "csumbCST495-fa18.InstagramApp";
				PRODUCT_NAME = "$(TARGET_NAME)";
				SWIFT_VERSION = 4.0;
				TARGETED_DEVICE_FAMILY = "1,2";
			};
			name = Debug;
		};
		6ACC8F62216455C600156D98 /* Release */ = {
			isa = XCBuildConfiguration;
			buildSettings = {
				ASSETCATALOG_COMPILER_APPICON_NAME = AppIcon;
				CODE_SIGN_STYLE = Automatic;
				INFOPLIST_FILE = InstagramApp/Info.plist;
				LD_RUNPATH_SEARCH_PATHS = (
					"$(inherited)",
					"@executable_path/Frameworks",
				);
				PRODUCT_BUNDLE_IDENTIFIER = "csumbCST495-fa18.InstagramApp";
				PRODUCT_NAME = "$(TARGET_NAME)";
				SWIFT_VERSION = 4.0;
				TARGETED_DEVICE_FAMILY = "1,2";
			};
			name = Release;
		};
		6ACC8F64216455C600156D98 /* Debug */ = {
			isa = XCBuildConfiguration;
			buildSettings = {
				ALWAYS_EMBED_SWIFT_STANDARD_LIBRARIES = YES;
				BUNDLE_LOADER = "$(TEST_HOST)";
				CODE_SIGN_STYLE = Automatic;
				INFOPLIST_FILE = InstagramAppTests/Info.plist;
				LD_RUNPATH_SEARCH_PATHS = (
					"$(inherited)",
					"@executable_path/Frameworks",
					"@loader_path/Frameworks",
				);
				PRODUCT_BUNDLE_IDENTIFIER = "csumbCST495-fa18.InstagramAppTests";
				PRODUCT_NAME = "$(TARGET_NAME)";
				SWIFT_VERSION = 4.0;
				TARGETED_DEVICE_FAMILY = "1,2";
				TEST_HOST = "$(BUILT_PRODUCTS_DIR)/InstagramApp.app/InstagramApp";
			};
			name = Debug;
		};
		6ACC8F65216455C600156D98 /* Release */ = {
			isa = XCBuildConfiguration;
			buildSettings = {
				ALWAYS_EMBED_SWIFT_STANDARD_LIBRARIES = YES;
				BUNDLE_LOADER = "$(TEST_HOST)";
				CODE_SIGN_STYLE = Automatic;
				INFOPLIST_FILE = InstagramAppTests/Info.plist;
				LD_RUNPATH_SEARCH_PATHS = (
					"$(inherited)",
					"@executable_path/Frameworks",
					"@loader_path/Frameworks",
				);
				PRODUCT_BUNDLE_IDENTIFIER = "csumbCST495-fa18.InstagramAppTests";
				PRODUCT_NAME = "$(TARGET_NAME)";
				SWIFT_VERSION = 4.0;
				TARGETED_DEVICE_FAMILY = "1,2";
				TEST_HOST = "$(BUILT_PRODUCTS_DIR)/InstagramApp.app/InstagramApp";
			};
			name = Release;
		};
		6ACC8F67216455C600156D98 /* Debug */ = {
			isa = XCBuildConfiguration;
			buildSettings = {
				ALWAYS_EMBED_SWIFT_STANDARD_LIBRARIES = YES;
				CODE_SIGN_STYLE = Automatic;
				INFOPLIST_FILE = InstagramAppUITests/Info.plist;
				LD_RUNPATH_SEARCH_PATHS = (
					"$(inherited)",
					"@executable_path/Frameworks",
					"@loader_path/Frameworks",
				);
				PRODUCT_BUNDLE_IDENTIFIER = "csumbCST495-fa18.InstagramAppUITests";
				PRODUCT_NAME = "$(TARGET_NAME)";
				SWIFT_VERSION = 4.0;
				TARGETED_DEVICE_FAMILY = "1,2";
				TEST_TARGET_NAME = InstagramApp;
			};
			name = Debug;
		};
		6ACC8F68216455C600156D98 /* Release */ = {
			isa = XCBuildConfiguration;
			buildSettings = {
				ALWAYS_EMBED_SWIFT_STANDARD_LIBRARIES = YES;
				CODE_SIGN_STYLE = Automatic;
				INFOPLIST_FILE = InstagramAppUITests/Info.plist;
				LD_RUNPATH_SEARCH_PATHS = (
					"$(inherited)",
					"@executable_path/Frameworks",
					"@loader_path/Frameworks",
				);
				PRODUCT_BUNDLE_IDENTIFIER = "csumbCST495-fa18.InstagramAppUITests";
				PRODUCT_NAME = "$(TARGET_NAME)";
				SWIFT_VERSION = 4.0;
				TARGETED_DEVICE_FAMILY = "1,2";
				TEST_TARGET_NAME = InstagramApp;
			};
			name = Release;
		};
/* End XCBuildConfiguration section */

/* Begin XCConfigurationList section */
		6ACC8F33216455C400156D98 /* Build configuration list for PBXProject "InstagramApp" */ = {
			isa = XCConfigurationList;
			buildConfigurations = (
				6ACC8F5E216455C600156D98 /* Debug */,
				6ACC8F5F216455C600156D98 /* Release */,
			);
			defaultConfigurationIsVisible = 0;
			defaultConfigurationName = Release;
		};
		6ACC8F60216455C600156D98 /* Build configuration list for PBXNativeTarget "InstagramApp" */ = {
			isa = XCConfigurationList;
			buildConfigurations = (
				6ACC8F61216455C600156D98 /* Debug */,
				6ACC8F62216455C600156D98 /* Release */,
			);
			defaultConfigurationIsVisible = 0;
			defaultConfigurationName = Release;
		};
		6ACC8F63216455C600156D98 /* Build configuration list for PBXNativeTarget "InstagramAppTests" */ = {
			isa = XCConfigurationList;
			buildConfigurations = (
				6ACC8F64216455C600156D98 /* Debug */,
				6ACC8F65216455C600156D98 /* Release */,
			);
			defaultConfigurationIsVisible = 0;
			defaultConfigurationName = Release;
		};
		6ACC8F66216455C600156D98 /* Build configuration list for PBXNativeTarget "InstagramAppUITests" */ = {
			isa = XCConfigurationList;
			buildConfigurations = (
				6ACC8F67216455C600156D98 /* Debug */,
				6ACC8F68216455C600156D98 /* Release */,
			);
			defaultConfigurationIsVisible = 0;
			defaultConfigurationName = Release;
		};
/* End XCConfigurationList section */
	};
	rootObject = 6ACC8F30216455C400156D98 /* Project object */;
}
